// !$*UTF8*$!
{
	archiveVersion = 1;
	classes = {
	};
	objectVersion = 56;
	objects = {

/* Begin PBXBuildFile section */
		A378AC412C78344E00802CE1 /* main.m in Sources */ = {isa = PBXBuildFile; fileRef = A378AC402C78344E00802CE1 /* main.m */; };
		A378AC4A2C7834A900802CE1 /* Man.m in Sources */ = {isa = PBXBuildFile; fileRef = A378AC492C7834A900802CE1 /* Man.m */; };
		A378AC4D2C7834BE00802CE1 /* Fish.m in Sources */ = {isa = PBXBuildFile; fileRef = A378AC4C2C7834BE00802CE1 /* Fish.m */; };
		A378AC502C7834CE00802CE1 /* Dog.m in Sources */ = {isa = PBXBuildFile; fileRef = A378AC4F2C7834CE00802CE1 /* Dog.m */; };
/* End PBXBuildFile section */

/* Begin PBXCopyFilesBuildPhase section */
		A378AC3B2C78344E00802CE1 /* CopyFiles */ = {
			isa = PBXCopyFilesBuildPhase;
			buildActionMask = 2147483647;
			dstPath = /usr/share/man/man1/;
			dstSubfolderSpec = 0;
			files = (
			);
			runOnlyForDeploymentPostprocessing = 1;
		};
/* End PBXCopyFilesBuildPhase section */

/* Begin PBXFileReference section */
		A378AC3D2C78344E00802CE1 /* mytest */ = {isa = PBXFileReference; explicitFileType = "compiled.mach-o.executable"; includeInIndex = 0; path = mytest; sourceTree = BUILT_PRODUCTS_DIR; };
		A378AC402C78344E00802CE1 /* main.m */ = {isa = PBXFileReference; lastKnownFileType = sourcecode.c.objc; path = main.m; sourceTree = "<group>"; };
		A378AC472C78346F00802CE1 /* Eat.h */ = {isa = PBXFileReference; lastKnownFileType = sourcecode.c.h; path = Eat.h; sourceTree = "<group>"; };
		A378AC482C7834A900802CE1 /* Man.h */ = {isa = PBXFileReference; lastKnownFileType = sourcecode.c.h; path = Man.h; sourceTree = "<group>"; };
		A378AC492C7834A900802CE1 /* Man.m */ = {isa = PBXFileReference; lastKnownFileType = sourcecode.c.objc; path = Man.m; sourceTree = "<group>"; };
		A378AC4B2C7834BE00802CE1 /* Fish.h */ = {isa = PBXFileReference; lastKnownFileType = sourcecode.c.h; path = Fish.h; sourceTree = "<group>"; };
		A378AC4C2C7834BE00802CE1 /* Fish.m */ = {isa = PBXFileReference; lastKnownFileType = sourcecode.c.objc; path = Fish.m; sourceTree = "<group>"; };
		A378AC4E2C7834CE00802CE1 /* Dog.h */ = {isa = PBXFileReference; lastKnownFileType = sourcecode.c.h; path = Dog.h; sourceTree = "<group>"; };
		A378AC4F2C7834CE00802CE1 /* Dog.m */ = {isa = PBXFileReference; lastKnownFileType = sourcecode.c.objc; path = Dog.m; sourceTree = "<group>"; };
/* End PBXFileReference section */

/* Begin PBXFrameworksBuildPhase section */
		A378AC3A2C78344E00802CE1 /* Frameworks */ = {
			isa = PBXFrameworksBuildPhase;
			buildActionMask = 2147483647;
			files = (
			);
			runOnlyForDeploymentPostprocessing = 0;
		};
/* End PBXFrameworksBuildPhase section */

/* Begin PBXGroup section */
		A378AC342C78344E00802CE1 = {
			isa = PBXGroup;
			children = (
				A378AC472C78346F00802CE1 /* Eat.h */,
				A378AC3F2C78344E00802CE1 /* mytest */,
				A378AC3E2C78344E00802CE1 /* Products */,
			);
			sourceTree = "<group>";
		};
		A378AC3E2C78344E00802CE1 /* Products */ = {
			isa = PBXGroup;
			children = (
				A378AC3D2C78344E00802CE1 /* mytest */,
			);
			name = Products;
			sourceTree = "<group>";
		};
		A378AC3F2C78344E00802CE1 /* mytest */ = {
			isa = PBXGroup;
			children = (
				A378AC402C78344E00802CE1 /* main.m */,
				A378AC482C7834A900802CE1 /* Man.h */,
				A378AC492C7834A900802CE1 /* Man.m */,
				A378AC4B2C7834BE00802CE1 /* Fish.h */,
				A378AC4C2C7834BE00802CE1 /* Fish.m */,
				A378AC4E2C7834CE00802CE1 /* Dog.h */,
				A378AC4F2C7834CE00802CE1 /* Dog.m */,
			);
			path = mytest;
			sourceTree = "<group>";
		};
/* End PBXGroup section */

/* Begin PBXNativeTarget section */
		A378AC3C2C78344E00802CE1 /* mytest */ = {
			isa = PBXNativeTarget;
			buildConfigurationList = A378AC442C78344E00802CE1 /* Build configuration list for PBXNativeTarget "mytest" */;
			buildPhases = (
				A378AC392C78344E00802CE1 /* Sources */,
				A378AC3A2C78344E00802CE1 /* Frameworks */,
				A378AC3B2C78344E00802CE1 /* CopyFiles */,
			);
			buildRules = (
			);
			dependencies = (
			);
			name = mytest;
			productName = mytest;
			productReference = A378AC3D2C78344E00802CE1 /* mytest */;
			productType = "com.apple.product-type.tool";
		};
/* End PBXNativeTarget section */

/* Begin PBXProject section */
		A378AC352C78344E00802CE1 /* Project object */ = {
			isa = PBXProject;
			attributes = {
				BuildIndependentTargetsInParallel = 1;
				LastUpgradeCheck = 1540;
				TargetAttributes = {
					A378AC3C2C78344E00802CE1 = {
						CreatedOnToolsVersion = 15.4;
					};
				};
			};
			buildConfigurationList = A378AC382C78344E00802CE1 /* Build configuration list for PBXProject "mytest" */;
			compatibilityVersion = "Xcode 14.0";
			developmentRegion = en;
			hasScannedForEncodings = 0;
			knownRegions = (
				en,
				Base,
			);
			mainGroup = A378AC342C78344E00802CE1;
			productRefGroup = A378AC3E2C78344E00802CE1 /* Products */;
			projectDirPath = "";
			projectRoot = "";
			targets = (
				A378AC3C2C78344E00802CE1 /* mytest */,
			);
		};
/* End PBXProject section */

/* Begin PBXSourcesBuildPhase section */
		A378AC392C78344E00802CE1 /* Sources */ = {
			isa = PBXSourcesBuildPhase;
			buildActionMask = 2147483647;
			files = (
				A378AC4D2C7834BE00802CE1 /* Fish.m in Sources */,
				A378AC4A2C7834A900802CE1 /* Man.m in Sources */,
				A378AC502C7834CE00802CE1 /* Dog.m in Sources */,
				A378AC412C78344E00802CE1 /* main.m in Sources */,
			);
			runOnlyForDeploymentPostprocessing = 0;
		};
/* End PBXSourcesBuildPhase section */

/* Begin XCBuildConfiguration section */
		A378AC422C78344E00802CE1 /* Debug */ = {
			isa = XCBuildConfiguration;
			buildSettings = {
				ALWAYS_SEARCH_USER_PATHS = NO;
				ASSETCATALOG_COMPILER_GENERATE_SWIFT_ASSET_SYMBOL_EXTENSIONS = YES;
				CLANG_ANALYZER_NONNULL = YES;
				CLANG_ANALYZER_NUMBER_OBJECT_CONVERSION = YES_AGGRESSIVE;
				CLANG_CXX_LANGUAGE_STANDARD = "gnu++20";
				CLANG_ENABLE_MODULES = YES;
				CLANG_ENABLE_OBJC_ARC = YES;
				CLANG_ENABLE_OBJC_WEAK = YES;
				CLANG_WARN_BLOCK_CAPTURE_AUTORELEASING = YES;
				CLANG_WARN_BOOL_CONVERSION = YES;
				CLANG_WARN_COMMA = YES;
				CLANG_WARN_CONSTANT_CONVERSION = YES;
				CLANG_WARN_DEPRECATED_OBJC_IMPLEMENTATIONS = YES;
				CLANG_WARN_DIRECT_OBJC_ISA_USAGE = YES_ERROR;
				CLANG_WARN_DOCUMENTATION_COMMENTS = YES;
				CLANG_WARN_EMPTY_BODY = YES;
				CLANG_WARN_ENUM_CONVERSION = YES;
				CLANG_WARN_INFINITE_RECURSION = YES;
				CLANG_WARN_INT_CONVERSION = YES;
				CLANG_WARN_NON_LITERAL_NULL_CONVERSION = YES;
				CLANG_WARN_OBJC_IMPLICIT_RETAIN_SELF = YES;
				CLANG_WARN_OBJC_LITERAL_CONVERSION = YES;
				CLANG_WARN_OBJC_ROOT_CLASS = YES_ERROR;
				CLANG_WARN_QUOTED_INCLUDE_IN_FRAMEWORK_HEADER = YES;
				CLANG_WARN_RANGE_LOOP_ANALYSIS = YES;
				CLANG_WARN_STRICT_PROTOTYPES = YES;
				CLANG_WARN_SUSPICIOUS_MOVE = YES;
				CLANG_WARN_UNGUARDED_AVAILABILITY = YES_AGGRESSIVE;
				CLANG_WARN_UNREACHABLE_CODE = YES;
				CLANG_WARN__DUPLICATE_METHOD_MATCH = YES;
				COPY_PHASE_STRIP = NO;
				DEBUG_INFORMATION_FORMAT = dwarf;
				ENABLE_STRICT_OBJC_MSGSEND = YES;
				ENABLE_TESTABILITY = YES;
				ENABLE_USER_SCRIPT_SANDBOXING = YES;
				GCC_C_LANGUAGE_STANDARD = gnu17;
				GCC_DYNAMIC_NO_PIC = NO;
				GCC_NO_COMMON_BLOCKS = YES;
				GCC_OPTIMIZATION_LEVEL = 0;
				GCC_PREPROCESSOR_DEFINITIONS = (
					"DEBUG=1",
					"$(inherited)",
				);
				GCC_WARN_64_TO_32_BIT_CONVERSION = YES;
				GCC_WARN_ABOUT_RETURN_TYPE = YES_ERROR;
				GCC_WARN_UNDECLARED_SELECTOR = YES;
				GCC_WARN_UNINITIALIZED_AUTOS = YES_AGGRESSIVE;
				GCC_WARN_UNUSED_FUNCTION = YES;
				GCC_WARN_UNUSED_VARIABLE = YES;
				LOCALIZATION_PREFERS_STRING_CATALOGS = YES;
				MACOSX_DEPLOYMENT_TARGET = 14.4;
				MTL_ENABLE_DEBUG_INFO = INCLUDE_SOURCE;
				MTL_FAST_MATH = YES;
				ONLY_ACTIVE_ARCH = YES;
				SDKROOT = macosx;
			};
			name = Debug;
		};
		A378AC432C78344E00802CE1 /* Release */ = {
			isa = XCBuildConfiguration;
			buildSettings = {
				ALWAYS_SEARCH_USER_PATHS = NO;
				ASSETCATALOG_COMPILER_GENERATE_SWIFT_ASSET_SYMBOL_EXTENSIONS = YES;
				CLANG_ANALYZER_NONNULL = YES;
				CLANG_ANALYZER_NUMBER_OBJECT_CONVERSION = YES_AGGRESSIVE;
				CLANG_CXX_LANGUAGE_STANDARD = "gnu++20";
				CLANG_ENABLE_MODULES = YES;
				CLANG_ENABLE_OBJC_ARC = YES;
				CLANG_ENABLE_OBJC_WEAK = YES;
				CLANG_WARN_BLOCK_CAPTURE_AUTORELEASING = YES;
				CLANG_WARN_BOOL_CONVERSION = YES;
				CLANG_WARN_COMMA = YES;
				CLANG_WARN_CONSTANT_CONVERSION = YES;
				CLANG_WARN_DEPRECATED_OBJC_IMPLEMENTATIONS = YES;
				CLANG_WARN_DIRECT_OBJC_ISA_USAGE = YES_ERROR;
				CLANG_WARN_DOCUMENTATION_COMMENTS = YES;
				CLANG_WARN_EMPTY_BODY = YES;
				CLANG_WARN_ENUM_CONVERSION = YES;
				CLANG_WARN_INFINITE_RECURSION = YES;
				CLANG_WARN_INT_CONVERSION = YES;
				CLANG_WARN_NON_LITERAL_NULL_CONVERSION = YES;
				CLANG_WARN_OBJC_IMPLICIT_RETAIN_SELF = YES;
				CLANG_WARN_OBJC_LITERAL_CONVERSION = YES;
				CLANG_WARN_OBJC_ROOT_CLASS = YES_ERROR;
				CLANG_WARN_QUOTED_INCLUDE_IN_FRAMEWORK_HEADER = YES;
				CLANG_WARN_RANGE_LOOP_ANALYSIS = YES;
				CLANG_WARN_STRICT_PROTOTYPES = YES;
				CLANG_WARN_SUSPICIOUS_MOVE = YES;
				CLANG_WARN_UNGUARDED_AVAILABILITY = YES_AGGRESSIVE;
				CLANG_WARN_UNREACHABLE_CODE = YES;
				CLANG_WARN__DUPLICATE_METHOD_MATCH = YES;
				COPY_PHASE_STRIP = NO;
				DEBUG_INFORMATION_FORMAT = "dwarf-with-dsym";
				ENABLE_NS_ASSERTIONS = NO;
				ENABLE_STRICT_OBJC_MSGSEND = YES;
				ENABLE_USER_SCRIPT_SANDBOXING = YES;
				GCC_C_LANGUAGE_STANDARD = gnu17;
				GCC_NO_COMMON_BLOCKS = YES;
				GCC_WARN_64_TO_32_BIT_CONVERSION = YES;
				GCC_WARN_ABOUT_RETURN_TYPE = YES_ERROR;
				GCC_WARN_UNDECLARED_SELECTOR = YES;
				GCC_WARN_UNINITIALIZED_AUTOS = YES_AGGRESSIVE;
				GCC_WARN_UNUSED_FUNCTION = YES;
				GCC_WARN_UNUSED_VARIABLE = YES;
				LOCALIZATION_PREFERS_STRING_CATALOGS = YES;
				MACOSX_DEPLOYMENT_TARGET = 14.4;
				MTL_ENABLE_DEBUG_INFO = NO;
				MTL_FAST_MATH = YES;
				SDKROOT = macosx;
			};
			name = Release;
		};
		A378AC452C78344E00802CE1 /* Debug */ = {
			isa = XCBuildConfiguration;
			buildSettings = {
				CODE_SIGN_STYLE = Automatic;
				PRODUCT_NAME = "$(TARGET_NAME)";
			};
			name = Debug;
		};
		A378AC462C78344E00802CE1 /* Release */ = {
			isa = XCBuildConfiguration;
			buildSettings = {
				CODE_SIGN_STYLE = Automatic;
				PRODUCT_NAME = "$(TARGET_NAME)";
			};
			name = Release;
		};
/* End XCBuildConfiguration section */

/* Begin XCConfigurationList section */
		A378AC382C78344E00802CE1 /* Build configuration list for PBXProject "mytest" */ = {
			isa = XCConfigurationList;
			buildConfigurations = (
				A378AC422C78344E00802CE1 /* Debug */,
				A378AC432C78344E00802CE1 /* Release */,
			);
			defaultConfigurationIsVisible = 0;
			defaultConfigurationName = Release;
		};
		A378AC442C78344E00802CE1 /* Build configuration list for PBXNativeTarget "mytest" */ = {
			isa = XCConfigurationList;
			buildConfigurations = (
				A378AC452C78344E00802CE1 /* Debug */,
				A378AC462C78344E00802CE1 /* Release */,
			);
			defaultConfigurationIsVisible = 0;
			defaultConfigurationName = Release;
		};
/* End XCConfigurationList section */
	};
	rootObject = A378AC352C78344E00802CE1 /* Project object */;
}
